
Microsoft Visual Studio Solution File, Format Version 11.00
# Visual Studio 2010
Project("{FAE04EC0-301F-11D3-BF4B-00C04F79EFBC}") = "Assembly-CSharp", "Assembly-CSharp.csproj", "{73C6B33D-3D40-81A2-9146-5ABF82073A47}"
EndProject
Global
	GlobalSection(SolutionConfigurationPlatforms) = preSolution
		Debug|Any CPU = Debug|Any CPU
		Release|Any CPU = Release|Any CPU
	EndGlobalSection
	GlobalSection(ProjectConfigurationPlatforms) = postSolution
		{73C6B33D-3D40-81A2-9146-5ABF82073A47}.Debug|Any CPU.ActiveCfg = Debug|Any CPU
		{73C6B33D-3D40-81A2-9146-5ABF82073A47}.Debug|Any CPU.Build.0 = Debug|Any CPU
		{73C6B33D-3D40-81A2-9146-5ABF82073A47}.Release|Any CPU.ActiveCfg = Release|Any CPU
		{73C6B33D-3D40-81A2-9146-5ABF82073A47}.Release|Any CPU.Build.0 = Release|Any CPU
	EndGlobalSection
	GlobalSection(SolutionProperties) = preSolution
		HideSolutionNode = FALSE
	EndGlobalSection
EndGlobal
